PODS:
  - Nimble (7.3.1)
  - Quick (1.3.2)
  - Realm (3.10.0):
    - Realm/Headers (= 3.10.0)
  - Realm/Headers (3.10.0)
  - RealmSwift (3.10.0):
    - Realm (= 3.10.0)

DEPENDENCIES:
  - Nimble
  - Quick
  - RealmSwift

SPEC CHECKSUMS:
  Nimble: 04f732da099ea4d153122aec8c2a88fd0c7219ae
  Quick: 2623cb30d7a7f41ca62f684f679586558f483d46
  Realm: 85ab9e4f779d66f6e9ffeb118dc25b7f130c96ac
  RealmSwift: 69121c8b86d0ae005fb779efdb10e606732e1c74

PODFILE CHECKSUM: 00d4651cca40c7d5842cc947deb801da8386d7e8

COCOAPODS: 1.2.0
